
Microsoft Visual Studio Solution File, Format Version 12.00
# Visual Studio 15
VisualStudioVersion = 15.0.28307.421
MinimumVisualStudioVersion = 10.0.40219.1
Project("{FAE04EC0-301F-11D3-BF4B-00C04F79EFBC}") = "MVCfirst", "MVCfirst\MVCfirst.csproj", "{3DF2CC25-5EF6-471E-A178-776EB52D17E2}"
EndProject
Global
	GlobalSection(SolutionConfigurationPlatforms) = preSolution
		Debug|Any CPU = Debug|Any CPU
		Release|Any CPU = Release|Any CPU
	EndGlobalSection
	GlobalSection(ProjectConfigurationPlatforms) = postSolution
		{3DF2CC25-5EF6-471E-A178-776EB52D17E2}.Debug|Any CPU.ActiveCfg = Debug|Any CPU
		{3DF2CC25-5EF6-471E-A178-776EB52D17E2}.Debug|Any CPU.Build.0 = Debug|Any CPU
		{3DF2CC25-5EF6-471E-A178-776EB52D17E2}.Release|Any CPU.ActiveCfg = Release|Any CPU
		{3DF2CC25-5EF6-471E-A178-776EB52D17E2}.Release|Any CPU.Build.0 = Release|Any CPU
	EndGlobalSection
	GlobalSection(SolutionProperties) = preSolution
		HideSolutionNode = FALSE
	EndGlobalSection
	GlobalSection(ExtensibilityGlobals) = postSolution
		SolutionGuid = {F4B7A68F-5398-4092-A693-08934008C3E0}
	EndGlobalSection
EndGlobal
