
Microsoft Visual Studio Solution File, Format Version 12.00
# Visual Studio 15
VisualStudioVersion = 15.0.28307.421
MinimumVisualStudioVersion = 10.0.40219.1
Project("{FAE04EC0-301F-11D3-BF4B-00C04F79EFBC}") = "CustomrLayerArchitecture", "CustomrLayerArchitecture\CustomrLayerArchitecture.csproj", "{5D196E9B-452E-4829-85C4-E93835827EAE}"
EndProject
Global
	GlobalSection(SolutionConfigurationPlatforms) = preSolution
		Debug|Any CPU = Debug|Any CPU
		Release|Any CPU = Release|Any CPU
	EndGlobalSection
	GlobalSection(ProjectConfigurationPlatforms) = postSolution
		{5D196E9B-452E-4829-85C4-E93835827EAE}.Debug|Any CPU.ActiveCfg = Debug|Any CPU
		{5D196E9B-452E-4829-85C4-E93835827EAE}.Debug|Any CPU.Build.0 = Debug|Any CPU
		{5D196E9B-452E-4829-85C4-E93835827EAE}.Release|Any CPU.ActiveCfg = Release|Any CPU
		{5D196E9B-452E-4829-85C4-E93835827EAE}.Release|Any CPU.Build.0 = Release|Any CPU
	EndGlobalSection
	GlobalSection(SolutionProperties) = preSolution
		HideSolutionNode = FALSE
	EndGlobalSection
	GlobalSection(ExtensibilityGlobals) = postSolution
		SolutionGuid = {F6C46FA1-39C7-46BE-8262-9BC4A4679859}
	EndGlobalSection
EndGlobal
