
Microsoft Visual Studio Solution File, Format Version 12.00
# Visual Studio 15
VisualStudioVersion = 15.0.28010.2026
MinimumVisualStudioVersion = 10.0.40219.1
Project("{FAE04EC0-301F-11D3-BF4B-00C04F79EFBC}") = "ShowppingStore", "ShowppingStore\ShowppingStore.csproj", "{238778D6-DDC5-485A-8EC2-3AF2628AC327}"
EndProject
Global
	GlobalSection(SolutionConfigurationPlatforms) = preSolution
		Debug|Any CPU = Debug|Any CPU
		Release|Any CPU = Release|Any CPU
	EndGlobalSection
	GlobalSection(ProjectConfigurationPlatforms) = postSolution
		{238778D6-DDC5-485A-8EC2-3AF2628AC327}.Debug|Any CPU.ActiveCfg = Debug|Any CPU
		{238778D6-DDC5-485A-8EC2-3AF2628AC327}.Debug|Any CPU.Build.0 = Debug|Any CPU
		{238778D6-DDC5-485A-8EC2-3AF2628AC327}.Release|Any CPU.ActiveCfg = Release|Any CPU
		{238778D6-DDC5-485A-8EC2-3AF2628AC327}.Release|Any CPU.Build.0 = Release|Any CPU
	EndGlobalSection
	GlobalSection(SolutionProperties) = preSolution
		HideSolutionNode = FALSE
	EndGlobalSection
	GlobalSection(ExtensibilityGlobals) = postSolution
		SolutionGuid = {38FE304E-7E92-4DCA-AFE8-421ADA510689}
	EndGlobalSection
EndGlobal
