
Microsoft Visual Studio Solution File, Format Version 12.00
# Visual Studio 15
VisualStudioVersion = 15.0.28010.2026
MinimumVisualStudioVersion = 10.0.40219.1
Project("{FAE04EC0-301F-11D3-BF4B-00C04F79EFBC}") = "SeveralControlExample", "SeveralControlExample\SeveralControlExample.csproj", "{794512AE-AEEA-4A3B-89EC-B200C70FA89B}"
EndProject
Global
	GlobalSection(SolutionConfigurationPlatforms) = preSolution
		Debug|Any CPU = Debug|Any CPU
		Release|Any CPU = Release|Any CPU
	EndGlobalSection
	GlobalSection(ProjectConfigurationPlatforms) = postSolution
		{794512AE-AEEA-4A3B-89EC-B200C70FA89B}.Debug|Any CPU.ActiveCfg = Debug|Any CPU
		{794512AE-AEEA-4A3B-89EC-B200C70FA89B}.Debug|Any CPU.Build.0 = Debug|Any CPU
		{794512AE-AEEA-4A3B-89EC-B200C70FA89B}.Release|Any CPU.ActiveCfg = Release|Any CPU
		{794512AE-AEEA-4A3B-89EC-B200C70FA89B}.Release|Any CPU.Build.0 = Release|Any CPU
	EndGlobalSection
	GlobalSection(SolutionProperties) = preSolution
		HideSolutionNode = FALSE
	EndGlobalSection
	GlobalSection(ExtensibilityGlobals) = postSolution
		SolutionGuid = {3D8B8908-C992-447F-AD60-08B3D116B86C}
	EndGlobalSection
EndGlobal
