
Microsoft Visual Studio Solution File, Format Version 12.00
# Visual Studio 15
VisualStudioVersion = 15.0.28010.2026
MinimumVisualStudioVersion = 10.0.40219.1
Project("{FAE04EC0-301F-11D3-BF4B-00C04F79EFBC}") = "WebApplication7", "WebApplication7\WebApplication7.csproj", "{FE2FA7DC-0AA7-42F6-AD9E-F079B9192C04}"
EndProject
Global
	GlobalSection(SolutionConfigurationPlatforms) = preSolution
		Debug|Any CPU = Debug|Any CPU
		Release|Any CPU = Release|Any CPU
	EndGlobalSection
	GlobalSection(ProjectConfigurationPlatforms) = postSolution
		{FE2FA7DC-0AA7-42F6-AD9E-F079B9192C04}.Debug|Any CPU.ActiveCfg = Debug|Any CPU
		{FE2FA7DC-0AA7-42F6-AD9E-F079B9192C04}.Debug|Any CPU.Build.0 = Debug|Any CPU
		{FE2FA7DC-0AA7-42F6-AD9E-F079B9192C04}.Release|Any CPU.ActiveCfg = Release|Any CPU
		{FE2FA7DC-0AA7-42F6-AD9E-F079B9192C04}.Release|Any CPU.Build.0 = Release|Any CPU
	EndGlobalSection
	GlobalSection(SolutionProperties) = preSolution
		HideSolutionNode = FALSE
	EndGlobalSection
	GlobalSection(ExtensibilityGlobals) = postSolution
		SolutionGuid = {5F9E5A99-6C07-46FA-B0E2-C5B3EB35F9A8}
	EndGlobalSection
EndGlobal
