
Microsoft Visual Studio Solution File, Format Version 12.00
# Visual Studio 15
VisualStudioVersion = 15.0.28307.421
MinimumVisualStudioVersion = 10.0.40219.1
Project("{FAE04EC0-301F-11D3-BF4B-00C04F79EFBC}") = "WebApplication15", "WebApplication15\WebApplication15.csproj", "{D1568543-0E16-41F6-86B9-2FAE827CD171}"
EndProject
Global
	GlobalSection(SolutionConfigurationPlatforms) = preSolution
		Debug|Any CPU = Debug|Any CPU
		Release|Any CPU = Release|Any CPU
	EndGlobalSection
	GlobalSection(ProjectConfigurationPlatforms) = postSolution
		{D1568543-0E16-41F6-86B9-2FAE827CD171}.Debug|Any CPU.ActiveCfg = Debug|Any CPU
		{D1568543-0E16-41F6-86B9-2FAE827CD171}.Debug|Any CPU.Build.0 = Debug|Any CPU
		{D1568543-0E16-41F6-86B9-2FAE827CD171}.Release|Any CPU.ActiveCfg = Release|Any CPU
		{D1568543-0E16-41F6-86B9-2FAE827CD171}.Release|Any CPU.Build.0 = Release|Any CPU
	EndGlobalSection
	GlobalSection(SolutionProperties) = preSolution
		HideSolutionNode = FALSE
	EndGlobalSection
	GlobalSection(ExtensibilityGlobals) = postSolution
		SolutionGuid = {0BBEAB9D-1FC8-4B0C-801D-187750C3DD19}
	EndGlobalSection
EndGlobal
