
Microsoft Visual Studio Solution File, Format Version 12.00
# Visual Studio 15
VisualStudioVersion = 15.0.28010.2026
MinimumVisualStudioVersion = 10.0.40219.1
Project("{FAE04EC0-301F-11D3-BF4B-00C04F79EFBC}") = "WebApplication8", "WebApplication8\WebApplication8.csproj", "{A017FC72-6480-4004-96D4-686513DD7CDB}"
EndProject
Global
	GlobalSection(SolutionConfigurationPlatforms) = preSolution
		Debug|Any CPU = Debug|Any CPU
		Release|Any CPU = Release|Any CPU
	EndGlobalSection
	GlobalSection(ProjectConfigurationPlatforms) = postSolution
		{A017FC72-6480-4004-96D4-686513DD7CDB}.Debug|Any CPU.ActiveCfg = Debug|Any CPU
		{A017FC72-6480-4004-96D4-686513DD7CDB}.Debug|Any CPU.Build.0 = Debug|Any CPU
		{A017FC72-6480-4004-96D4-686513DD7CDB}.Release|Any CPU.ActiveCfg = Release|Any CPU
		{A017FC72-6480-4004-96D4-686513DD7CDB}.Release|Any CPU.Build.0 = Release|Any CPU
	EndGlobalSection
	GlobalSection(SolutionProperties) = preSolution
		HideSolutionNode = FALSE
	EndGlobalSection
	GlobalSection(ExtensibilityGlobals) = postSolution
		SolutionGuid = {85BA75DB-3764-4B29-AC22-908AEF8524E3}
	EndGlobalSection
EndGlobal
