
Microsoft Visual Studio Solution File, Format Version 12.00
# Visual Studio 15
VisualStudioVersion = 15.0.28010.2026
MinimumVisualStudioVersion = 10.0.40219.1
Project("{F184B08F-C81C-45F6-A57F-5ABD9991F28F}") = "ConsoleApp7", "ConsoleApp7\ConsoleApp7.vbproj", "{D4A76230-E6E7-41CF-A4EA-1AD5E07ED786}"
EndProject
Global
	GlobalSection(SolutionConfigurationPlatforms) = preSolution
		Debug|Any CPU = Debug|Any CPU
		Release|Any CPU = Release|Any CPU
	EndGlobalSection
	GlobalSection(ProjectConfigurationPlatforms) = postSolution
		{D4A76230-E6E7-41CF-A4EA-1AD5E07ED786}.Debug|Any CPU.ActiveCfg = Debug|Any CPU
		{D4A76230-E6E7-41CF-A4EA-1AD5E07ED786}.Debug|Any CPU.Build.0 = Debug|Any CPU
		{D4A76230-E6E7-41CF-A4EA-1AD5E07ED786}.Release|Any CPU.ActiveCfg = Release|Any CPU
		{D4A76230-E6E7-41CF-A4EA-1AD5E07ED786}.Release|Any CPU.Build.0 = Release|Any CPU
	EndGlobalSection
	GlobalSection(SolutionProperties) = preSolution
		HideSolutionNode = FALSE
	EndGlobalSection
	GlobalSection(ExtensibilityGlobals) = postSolution
		SolutionGuid = {2B6BFDF3-9A1C-4AFA-98F9-C6886E3483D4}
	EndGlobalSection
EndGlobal
