
Microsoft Visual Studio Solution File, Format Version 12.00
# Visual Studio 15
VisualStudioVersion = 15.0.28010.2026
MinimumVisualStudioVersion = 10.0.40219.1
Project("{00D1A9C2-B5F0-4AF3-8072-F6C62B433612}") = "Database1", "Database1\Database1.sqlproj", "{29C963E6-3416-4FDA-9916-FFB4E65ACEDB}"
EndProject
Global
	GlobalSection(SolutionConfigurationPlatforms) = preSolution
		Debug|Any CPU = Debug|Any CPU
		Release|Any CPU = Release|Any CPU
	EndGlobalSection
	GlobalSection(ProjectConfigurationPlatforms) = postSolution
		{29C963E6-3416-4FDA-9916-FFB4E65ACEDB}.Debug|Any CPU.ActiveCfg = Debug|Any CPU
		{29C963E6-3416-4FDA-9916-FFB4E65ACEDB}.Debug|Any CPU.Build.0 = Debug|Any CPU
		{29C963E6-3416-4FDA-9916-FFB4E65ACEDB}.Debug|Any CPU.Deploy.0 = Debug|Any CPU
		{29C963E6-3416-4FDA-9916-FFB4E65ACEDB}.Release|Any CPU.ActiveCfg = Release|Any CPU
		{29C963E6-3416-4FDA-9916-FFB4E65ACEDB}.Release|Any CPU.Build.0 = Release|Any CPU
		{29C963E6-3416-4FDA-9916-FFB4E65ACEDB}.Release|Any CPU.Deploy.0 = Release|Any CPU
	EndGlobalSection
	GlobalSection(SolutionProperties) = preSolution
		HideSolutionNode = FALSE
	EndGlobalSection
	GlobalSection(ExtensibilityGlobals) = postSolution
		SolutionGuid = {0AF210AC-C459-493A-B5DD-08124FAAEB30}
	EndGlobalSection
EndGlobal
