
Microsoft Visual Studio Solution File, Format Version 12.00
# Visual Studio 15
VisualStudioVersion = 15.0.28307.271
MinimumVisualStudioVersion = 10.0.40219.1
Project("{FAE04EC0-301F-11D3-BF4B-00C04F79EFBC}") = "WebApplication12", "WebApplication12\WebApplication12.csproj", "{95B35ACF-670A-43C4-94C2-773F6AE8C77B}"
EndProject
Global
	GlobalSection(SolutionConfigurationPlatforms) = preSolution
		Debug|Any CPU = Debug|Any CPU
		Release|Any CPU = Release|Any CPU
	EndGlobalSection
	GlobalSection(ProjectConfigurationPlatforms) = postSolution
		{95B35ACF-670A-43C4-94C2-773F6AE8C77B}.Debug|Any CPU.ActiveCfg = Debug|Any CPU
		{95B35ACF-670A-43C4-94C2-773F6AE8C77B}.Debug|Any CPU.Build.0 = Debug|Any CPU
		{95B35ACF-670A-43C4-94C2-773F6AE8C77B}.Release|Any CPU.ActiveCfg = Release|Any CPU
		{95B35ACF-670A-43C4-94C2-773F6AE8C77B}.Release|Any CPU.Build.0 = Release|Any CPU
	EndGlobalSection
	GlobalSection(SolutionProperties) = preSolution
		HideSolutionNode = FALSE
	EndGlobalSection
	GlobalSection(ExtensibilityGlobals) = postSolution
		SolutionGuid = {BFB15B94-1596-42AD-9A6D-5493E69A1942}
	EndGlobalSection
EndGlobal
