
Microsoft Visual Studio Solution File, Format Version 12.00
# Visual Studio 15
VisualStudioVersion = 15.0.28010.2026
MinimumVisualStudioVersion = 10.0.40219.1
Project("{FAE04EC0-301F-11D3-BF4B-00C04F79EFBC}") = "WindowsFormsApp2", "WindowsFormsApp2\WindowsFormsApp2.csproj", "{1346C882-B4FF-48BC-939E-2E63DF204CD4}"
EndProject
Global
	GlobalSection(SolutionConfigurationPlatforms) = preSolution
		Debug|Any CPU = Debug|Any CPU
		Release|Any CPU = Release|Any CPU
	EndGlobalSection
	GlobalSection(ProjectConfigurationPlatforms) = postSolution
		{1346C882-B4FF-48BC-939E-2E63DF204CD4}.Debug|Any CPU.ActiveCfg = Debug|Any CPU
		{1346C882-B4FF-48BC-939E-2E63DF204CD4}.Debug|Any CPU.Build.0 = Debug|Any CPU
		{1346C882-B4FF-48BC-939E-2E63DF204CD4}.Release|Any CPU.ActiveCfg = Release|Any CPU
		{1346C882-B4FF-48BC-939E-2E63DF204CD4}.Release|Any CPU.Build.0 = Release|Any CPU
	EndGlobalSection
	GlobalSection(SolutionProperties) = preSolution
		HideSolutionNode = FALSE
	EndGlobalSection
	GlobalSection(ExtensibilityGlobals) = postSolution
		SolutionGuid = {B923B829-C3BA-47A1-92E4-B075297CC0F8}
	EndGlobalSection
EndGlobal
