
Microsoft Visual Studio Solution File, Format Version 12.00
# Visual Studio 15
VisualStudioVersion = 15.0.28307.421
MinimumVisualStudioVersion = 10.0.40219.1
Project("{FAE04EC0-301F-11D3-BF4B-00C04F79EFBC}") = "BalChal", "BalChal\BalChal.csproj", "{D6B9850C-45DD-4288-8158-A14B13B88D64}"
EndProject
Global
	GlobalSection(SolutionConfigurationPlatforms) = preSolution
		Debug|Any CPU = Debug|Any CPU
		Release|Any CPU = Release|Any CPU
	EndGlobalSection
	GlobalSection(ProjectConfigurationPlatforms) = postSolution
		{D6B9850C-45DD-4288-8158-A14B13B88D64}.Debug|Any CPU.ActiveCfg = Debug|Any CPU
		{D6B9850C-45DD-4288-8158-A14B13B88D64}.Debug|Any CPU.Build.0 = Debug|Any CPU
		{D6B9850C-45DD-4288-8158-A14B13B88D64}.Release|Any CPU.ActiveCfg = Release|Any CPU
		{D6B9850C-45DD-4288-8158-A14B13B88D64}.Release|Any CPU.Build.0 = Release|Any CPU
	EndGlobalSection
	GlobalSection(SolutionProperties) = preSolution
		HideSolutionNode = FALSE
	EndGlobalSection
	GlobalSection(ExtensibilityGlobals) = postSolution
		SolutionGuid = {4A36A2A5-5837-41BF-B31F-E524BAC835EC}
	EndGlobalSection
EndGlobal
