
Microsoft Visual Studio Solution File, Format Version 12.00
# Visual Studio 15
VisualStudioVersion = 15.0.28010.2026
MinimumVisualStudioVersion = 10.0.40219.1
Project("{FAE04EC0-301F-11D3-BF4B-00C04F79EFBC}") = "MVCApplication4", "MVCApplication4\MVCApplication4.csproj", "{B784C3FC-E06F-4D7F-B6BD-6B67FE1D2DB1}"
EndProject
Global
	GlobalSection(SolutionConfigurationPlatforms) = preSolution
		Debug|Any CPU = Debug|Any CPU
		Release|Any CPU = Release|Any CPU
	EndGlobalSection
	GlobalSection(ProjectConfigurationPlatforms) = postSolution
		{B784C3FC-E06F-4D7F-B6BD-6B67FE1D2DB1}.Debug|Any CPU.ActiveCfg = Debug|Any CPU
		{B784C3FC-E06F-4D7F-B6BD-6B67FE1D2DB1}.Debug|Any CPU.Build.0 = Debug|Any CPU
		{B784C3FC-E06F-4D7F-B6BD-6B67FE1D2DB1}.Release|Any CPU.ActiveCfg = Release|Any CPU
		{B784C3FC-E06F-4D7F-B6BD-6B67FE1D2DB1}.Release|Any CPU.Build.0 = Release|Any CPU
	EndGlobalSection
	GlobalSection(SolutionProperties) = preSolution
		HideSolutionNode = FALSE
	EndGlobalSection
	GlobalSection(ExtensibilityGlobals) = postSolution
		SolutionGuid = {D9766EA7-09D9-44FF-9A72-27250F296F1E}
	EndGlobalSection
EndGlobal
