
Microsoft Visual Studio Solution File, Format Version 12.00
# Visual Studio 15
VisualStudioVersion = 15.0.28010.2026
MinimumVisualStudioVersion = 10.0.40219.1
Project("{FAE04EC0-301F-11D3-BF4B-00C04F79EFBC}") = "WebApplicationlecture2Lab", "WebApplicationlecture2Lab\WebApplicationlecture2Lab.csproj", "{AA9605FC-3373-44F2-96A5-97CF8DEF1D1C}"
EndProject
Global
	GlobalSection(SolutionConfigurationPlatforms) = preSolution
		Debug|Any CPU = Debug|Any CPU
		Release|Any CPU = Release|Any CPU
	EndGlobalSection
	GlobalSection(ProjectConfigurationPlatforms) = postSolution
		{AA9605FC-3373-44F2-96A5-97CF8DEF1D1C}.Debug|Any CPU.ActiveCfg = Debug|Any CPU
		{AA9605FC-3373-44F2-96A5-97CF8DEF1D1C}.Debug|Any CPU.Build.0 = Debug|Any CPU
		{AA9605FC-3373-44F2-96A5-97CF8DEF1D1C}.Release|Any CPU.ActiveCfg = Release|Any CPU
		{AA9605FC-3373-44F2-96A5-97CF8DEF1D1C}.Release|Any CPU.Build.0 = Release|Any CPU
	EndGlobalSection
	GlobalSection(SolutionProperties) = preSolution
		HideSolutionNode = FALSE
	EndGlobalSection
	GlobalSection(ExtensibilityGlobals) = postSolution
		SolutionGuid = {7F808998-44E0-475D-B7F8-94CEEFBC28E5}
	EndGlobalSection
EndGlobal
