
Microsoft Visual Studio Solution File, Format Version 12.00
# Visual Studio 15
VisualStudioVersion = 15.0.28307.421
MinimumVisualStudioVersion = 10.0.40219.1
Project("{FAE04EC0-301F-11D3-BF4B-00C04F79EFBC}") = "EFSECONDAPPLICATION", "EFSECONDAPPLICATION\EFSECONDAPPLICATION.csproj", "{0EA89AAF-011D-438E-9726-B3A7544E5DEF}"
EndProject
Global
	GlobalSection(SolutionConfigurationPlatforms) = preSolution
		Debug|Any CPU = Debug|Any CPU
		Release|Any CPU = Release|Any CPU
	EndGlobalSection
	GlobalSection(ProjectConfigurationPlatforms) = postSolution
		{0EA89AAF-011D-438E-9726-B3A7544E5DEF}.Debug|Any CPU.ActiveCfg = Debug|Any CPU
		{0EA89AAF-011D-438E-9726-B3A7544E5DEF}.Debug|Any CPU.Build.0 = Debug|Any CPU
		{0EA89AAF-011D-438E-9726-B3A7544E5DEF}.Release|Any CPU.ActiveCfg = Release|Any CPU
		{0EA89AAF-011D-438E-9726-B3A7544E5DEF}.Release|Any CPU.Build.0 = Release|Any CPU
	EndGlobalSection
	GlobalSection(SolutionProperties) = preSolution
		HideSolutionNode = FALSE
	EndGlobalSection
	GlobalSection(ExtensibilityGlobals) = postSolution
		SolutionGuid = {7516E0F0-39EB-476D-89C3-FC2DDA7EBC36}
	EndGlobalSection
EndGlobal
