
Microsoft Visual Studio Solution File, Format Version 12.00
# Visual Studio 15
VisualStudioVersion = 15.0.28307.271
MinimumVisualStudioVersion = 10.0.40219.1
Project("{FAE04EC0-301F-11D3-BF4B-00C04F79EFBC}") = "WpfApp1", "WpfApp1\WpfApp1.csproj", "{218E4B1D-6A31-4E6F-BFEF-96CF17632D1B}"
EndProject
Global
	GlobalSection(SolutionConfigurationPlatforms) = preSolution
		Debug|Any CPU = Debug|Any CPU
		Release|Any CPU = Release|Any CPU
	EndGlobalSection
	GlobalSection(ProjectConfigurationPlatforms) = postSolution
		{218E4B1D-6A31-4E6F-BFEF-96CF17632D1B}.Debug|Any CPU.ActiveCfg = Debug|Any CPU
		{218E4B1D-6A31-4E6F-BFEF-96CF17632D1B}.Debug|Any CPU.Build.0 = Debug|Any CPU
		{218E4B1D-6A31-4E6F-BFEF-96CF17632D1B}.Release|Any CPU.ActiveCfg = Release|Any CPU
		{218E4B1D-6A31-4E6F-BFEF-96CF17632D1B}.Release|Any CPU.Build.0 = Release|Any CPU
	EndGlobalSection
	GlobalSection(SolutionProperties) = preSolution
		HideSolutionNode = FALSE
	EndGlobalSection
	GlobalSection(ExtensibilityGlobals) = postSolution
		SolutionGuid = {11C58C39-BA72-43DE-9E04-A59D4701C876}
	EndGlobalSection
EndGlobal
