
Microsoft Visual Studio Solution File, Format Version 12.00
# Visual Studio 15
VisualStudioVersion = 15.0.28307.421
MinimumVisualStudioVersion = 10.0.40219.1
Project("{FAE04EC0-301F-11D3-BF4B-00C04F79EFBC}") = "LINQ", "LINQ\LINQ.csproj", "{DA0949F3-1D1E-4A67-BF6F-FD200319315F}"
EndProject
Global
	GlobalSection(SolutionConfigurationPlatforms) = preSolution
		Debug|Any CPU = Debug|Any CPU
		Release|Any CPU = Release|Any CPU
	EndGlobalSection
	GlobalSection(ProjectConfigurationPlatforms) = postSolution
		{DA0949F3-1D1E-4A67-BF6F-FD200319315F}.Debug|Any CPU.ActiveCfg = Debug|Any CPU
		{DA0949F3-1D1E-4A67-BF6F-FD200319315F}.Debug|Any CPU.Build.0 = Debug|Any CPU
		{DA0949F3-1D1E-4A67-BF6F-FD200319315F}.Release|Any CPU.ActiveCfg = Release|Any CPU
		{DA0949F3-1D1E-4A67-BF6F-FD200319315F}.Release|Any CPU.Build.0 = Release|Any CPU
	EndGlobalSection
	GlobalSection(SolutionProperties) = preSolution
		HideSolutionNode = FALSE
	EndGlobalSection
	GlobalSection(ExtensibilityGlobals) = postSolution
		SolutionGuid = {A9E4D0B5-AA6D-4D50-9E8B-A06A89C8B1AE}
	EndGlobalSection
EndGlobal
