
Microsoft Visual Studio Solution File, Format Version 12.00
# Visual Studio 15
VisualStudioVersion = 15.0.28010.2026
MinimumVisualStudioVersion = 10.0.40219.1
Project("{FAE04EC0-301F-11D3-BF4B-00C04F79EFBC}") = "TutorialVideo", "TutorialVideo\TutorialVideo.csproj", "{A240B2B9-6649-40D4-8400-643D319E2B94}"
EndProject
Global
	GlobalSection(SolutionConfigurationPlatforms) = preSolution
		Debug|Any CPU = Debug|Any CPU
		Release|Any CPU = Release|Any CPU
	EndGlobalSection
	GlobalSection(ProjectConfigurationPlatforms) = postSolution
		{A240B2B9-6649-40D4-8400-643D319E2B94}.Debug|Any CPU.ActiveCfg = Debug|Any CPU
		{A240B2B9-6649-40D4-8400-643D319E2B94}.Debug|Any CPU.Build.0 = Debug|Any CPU
		{A240B2B9-6649-40D4-8400-643D319E2B94}.Release|Any CPU.ActiveCfg = Release|Any CPU
		{A240B2B9-6649-40D4-8400-643D319E2B94}.Release|Any CPU.Build.0 = Release|Any CPU
	EndGlobalSection
	GlobalSection(SolutionProperties) = preSolution
		HideSolutionNode = FALSE
	EndGlobalSection
	GlobalSection(ExtensibilityGlobals) = postSolution
		SolutionGuid = {66686303-6185-4A97-808B-DA745B52EA06}
	EndGlobalSection
EndGlobal
