
Microsoft Visual Studio Solution File, Format Version 12.00
# Visual Studio 15
VisualStudioVersion = 15.0.28307.421
MinimumVisualStudioVersion = 10.0.40219.1
Project("{FAE04EC0-301F-11D3-BF4B-00C04F79EFBC}") = "mvcstrt1", "mvcstrt1\mvcstrt1.csproj", "{085771EA-0E19-425A-AFC5-614DDE07207C}"
EndProject
Global
	GlobalSection(SolutionConfigurationPlatforms) = preSolution
		Debug|Any CPU = Debug|Any CPU
		Release|Any CPU = Release|Any CPU
	EndGlobalSection
	GlobalSection(ProjectConfigurationPlatforms) = postSolution
		{085771EA-0E19-425A-AFC5-614DDE07207C}.Debug|Any CPU.ActiveCfg = Debug|Any CPU
		{085771EA-0E19-425A-AFC5-614DDE07207C}.Debug|Any CPU.Build.0 = Debug|Any CPU
		{085771EA-0E19-425A-AFC5-614DDE07207C}.Release|Any CPU.ActiveCfg = Release|Any CPU
		{085771EA-0E19-425A-AFC5-614DDE07207C}.Release|Any CPU.Build.0 = Release|Any CPU
	EndGlobalSection
	GlobalSection(SolutionProperties) = preSolution
		HideSolutionNode = FALSE
	EndGlobalSection
	GlobalSection(ExtensibilityGlobals) = postSolution
		SolutionGuid = {AFD95FA1-A77B-481E-8F83-827D32FCBA61}
	EndGlobalSection
EndGlobal
